{
  "name": "epiphron-dns",
  "version": "0.0.1",
  "lockfileVersion": 2,
  "requires": true,
  "packages": {
    "": {
      "name": "epiphron-dns",
      "version": "0.0.1",
      "license": "MIT",
      "dependencies": {
        "ipaddr.js": "^2.0.1",
        "mylas": "^2.0.1",
        "tslib": "^1.14.1"
      },
      "devDependencies": {
        "@types/node": "^15.14.2"
      }
    },
    "node_modules/@types/node": {
      "version": "15.14.2",
      "resolved": "https://registry.npmjs.org/@types/node/-/node-15.14.2.tgz",
      "integrity": "sha512-dvMUE/m2LbXPwlvVuzCyslTEtQ2ZwuuFClDrOQ6mp2CenCg971719PTILZ4I6bTP27xfFFc+o7x2TkLuun/MPw==",
      "dev": true
    },
    "node_modules/ipaddr.js": {
      "version": "2.0.1",
      "resolved": "https://registry.npmjs.org/ipaddr.js/-/ipaddr.js-2.0.1.tgz",
      "integrity": "sha512-1qTgH9NG+IIJ4yfKs2e6Pp1bZg8wbDbKHT21HrLIeYBTRLgMYKnMTPAuI3Lcs61nfx5h1xlXnbJtH1kX5/d/ng==",
      "engines": {
        "node": ">= 10"
      }
    },
    "node_modules/mylas": {
      "version": "2.0.2",
      "resolved": "https://registry.npmjs.org/mylas/-/mylas-2.0.2.tgz",
      "integrity": "sha512-dfMRnpPNImvGxeEwlWWomWnvieEp+91QcOPidhj4NB/sFNMErZCm85tGROW9+6HLUKThU4Ul6nnkv9Ml39okCQ==",
      "engines": {
        "node": ">=12.0.0"
      },
      "funding": {
        "type": "github",
        "url": "https://github.com/sponsors/raouldeheer"
      }
    },
    "node_modules/tslib": {
      "version": "1.14.1",
      "resolved": "https://registry.npmjs.org/tslib/-/tslib-1.14.1.tgz",
      "integrity": "sha512-Xni35NKzjgMrwevysHTCArtLDpPvye8zV/0E4EyYn43P7/7qvQwPh9BGkHewbMulVntbigmcT7rdX3BNo9wRJg=="
    }
  },
  "dependencies": {
    "@types/node": {
      "version": "15.14.2",
      "resolved": "https://registry.npmjs.org/@types/node/-/node-15.14.2.tgz",
      "integrity": "sha512-dvMUE/m2LbXPwlvVuzCyslTEtQ2ZwuuFClDrOQ6mp2CenCg971719PTILZ4I6bTP27xfFFc+o7x2TkLuun/MPw==",
      "dev": true
    },
    "ipaddr.js": {
      "version": "2.0.1",
      "resolved": "https://registry.npmjs.org/ipaddr.js/-/ipaddr.js-2.0.1.tgz",
      "integrity": "sha512-1qTgH9NG+IIJ4yfKs2e6Pp1bZg8wbDbKHT21HrLIeYBTRLgMYKnMTPAuI3Lcs61nfx5h1xlXnbJtH1kX5/d/ng=="
    },
    "mylas": {
      "version": "2.0.2",
      "resolved": "https://registry.npmjs.org/mylas/-/mylas-2.0.2.tgz",
      "integrity": "sha512-dfMRnpPNImvGxeEwlWWomWnvieEp+91QcOPidhj4NB/sFNMErZCm85tGROW9+6HLUKThU4Ul6nnkv9Ml39okCQ=="
    },
    "tslib": {
      "version": "1.14.1",
      "resolved": "https://registry.npmjs.org/tslib/-/tslib-1.14.1.tgz",
      "integrity": "sha512-Xni35NKzjgMrwevysHTCArtLDpPvye8zV/0E4EyYn43P7/7qvQwPh9BGkHewbMulVntbigmcT7rdX3BNo9wRJg=="
    }
  }
}
